
Microsoft Visual Studio Solution File, Format Version 12.00
# Visual Studio Version 16
VisualStudioVersion = 16.0.29613.14
MinimumVisualStudioVersion = 10.0.40219.1
Project("{FAE04EC0-301F-11D3-BF4B-00C04F79EFBC}") = "_WFApp1", "WFApp1\_WFApp1.csproj", "{30D5CD82-9C4A-407C-A419-834580598A7B}"
EndProject
Project("{FAE04EC0-301F-11D3-BF4B-00C04F79EFBC}") = "DB", "DB\DB.csproj", "{E8E8D819-2AFC-4E2D-90EC-8F21C3C01724}"
EndProject
Project("{FAE04EC0-301F-11D3-BF4B-00C04F79EFBC}") = "WpfApplication1", "WpfApplication1\WpfApplication1.csproj", "{183FEA3C-20B9-4FEA-A877-F395412AA08C}"
EndProject
Global
	GlobalSection(SolutionConfigurationPlatforms) = preSolution
		Debug|Any CPU = Debug|Any CPU
		Release|Any CPU = Release|Any CPU
	EndGlobalSection
	GlobalSection(ProjectConfigurationPlatforms) = postSolution
		{30D5CD82-9C4A-407C-A419-834580598A7B}.Debug|Any CPU.ActiveCfg = Debug|Any CPU
		{30D5CD82-9C4A-407C-A419-834580598A7B}.Debug|Any CPU.Build.0 = Debug|Any CPU
		{30D5CD82-9C4A-407C-A419-834580598A7B}.Release|Any CPU.ActiveCfg = Release|Any CPU
		{30D5CD82-9C4A-407C-A419-834580598A7B}.Release|Any CPU.Build.0 = Release|Any CPU
		{E8E8D819-2AFC-4E2D-90EC-8F21C3C01724}.Debug|Any CPU.ActiveCfg = Debug|Any CPU
		{E8E8D819-2AFC-4E2D-90EC-8F21C3C01724}.Debug|Any CPU.Build.0 = Debug|Any CPU
		{E8E8D819-2AFC-4E2D-90EC-8F21C3C01724}.Release|Any CPU.ActiveCfg = Release|Any CPU
		{E8E8D819-2AFC-4E2D-90EC-8F21C3C01724}.Release|Any CPU.Build.0 = Release|Any CPU
		{183FEA3C-20B9-4FEA-A877-F395412AA08C}.Debug|Any CPU.ActiveCfg = Debug|Any CPU
		{183FEA3C-20B9-4FEA-A877-F395412AA08C}.Debug|Any CPU.Build.0 = Debug|Any CPU
		{183FEA3C-20B9-4FEA-A877-F395412AA08C}.Release|Any CPU.ActiveCfg = Release|Any CPU
		{183FEA3C-20B9-4FEA-A877-F395412AA08C}.Release|Any CPU.Build.0 = Release|Any CPU
	EndGlobalSection
	GlobalSection(SolutionProperties) = preSolution
		HideSolutionNode = FALSE
	EndGlobalSection
	GlobalSection(ExtensibilityGlobals) = postSolution
		SolutionGuid = {63E87F34-DFC0-41F5-A682-A13C4A3E9A0D}
	EndGlobalSection
EndGlobal
